// !$*UTF8*$!
{
	archiveVersion = 1;
	classes = {
	};
	objectVersion = 46;
	objects = {

/* Begin PBXBuildFile section */
		92128A8D1EA961D800F1548D /* DKInfoTableViewController.m in Sources */ = {isa = PBXBuildFile; fileRef = 92128A8C1EA961D800F1548D /* DKInfoTableViewController.m */; };
		92128A901EA9625D00F1548D /* DKInfoTableViewCell.m in Sources */ = {isa = PBXBuildFile; fileRef = 92128A8F1EA9625D00F1548D /* DKInfoTableViewCell.m */; };
		9256FF3F1EA9352200BD6882 /* main.m in Sources */ = {isa = PBXBuildFile; fileRef = 9256FF3E1EA9352200BD6882 /* main.m */; };
		9256FF421EA9352200BD6882 /* AppDelegate.m in Sources */ = {isa = PBXBuildFile; fileRef = 9256FF411EA9352200BD6882 /* AppDelegate.m */; };
		9256FF481EA9352200BD6882 /* Main.storyboard in Resources */ = {isa = PBXBuildFile; fileRef = 9256FF461EA9352200BD6882 /* Main.storyboard */; };
		9256FF4B1EA9352200BD6882 /* WeatherApp.xcdatamodeld in Sources */ = {isa = PBXBuildFile; fileRef = 9256FF491EA9352200BD6882 /* WeatherApp.xcdatamodeld */; };
		9256FF4D1EA9352200BD6882 /* Assets.xcassets in Resources */ = {isa = PBXBuildFile; fileRef = 9256FF4C1EA9352200BD6882 /* Assets.xcassets */; };
		9256FF501EA9352200BD6882 /* LaunchScreen.storyboard in Resources */ = {isa = PBXBuildFile; fileRef = 9256FF4E1EA9352200BD6882 /* LaunchScreen.storyboard */; };
		9256FF591EA9364A00BD6882 /* DKMainViewController.m in Sources */ = {isa = PBXBuildFile; fileRef = 9256FF581EA9364A00BD6882 /* DKMainViewController.m */; };
		9256FF5C1EA9371100BD6882 /* DKLocationManager.m in Sources */ = {isa = PBXBuildFile; fileRef = 9256FF5B1EA9371100BD6882 /* DKLocationManager.m */; };
		9256FF5F1EA937E600BD6882 /* CoreLocation.framework in Frameworks */ = {isa = PBXBuildFile; fileRef = 9256FF5E1EA937E600BD6882 /* CoreLocation.framework */; };
		9256FF621EA93BC200BD6882 /* DKModelData.m in Sources */ = {isa = PBXBuildFile; fileRef = 9256FF611EA93BC200BD6882 /* DKModelData.m */; };
		9256FF651EA9401300BD6882 /* DKActivityView.m in Sources */ = {isa = PBXBuildFile; fileRef = 9256FF641EA9401300BD6882 /* DKActivityView.m */; };
		9256FF681EA9417E00BD6882 /* DKSessionManager.m in Sources */ = {isa = PBXBuildFile; fileRef = 9256FF671EA9417E00BD6882 /* DKSessionManager.m */; };
		9256FF6B1EA9464900BD6882 /* DKWeatherViewController.m in Sources */ = {isa = PBXBuildFile; fileRef = 9256FF6A1EA9464900BD6882 /* DKWeatherViewController.m */; };
		9256FF6E1EA94C1A00BD6882 /* DKParentViewController.m in Sources */ = {isa = PBXBuildFile; fileRef = 9256FF6D1EA94C1A00BD6882 /* DKParentViewController.m */; };
		9256FF751EA95A8400BD6882 /* DKCoreDataManager.m in Sources */ = {isa = PBXBuildFile; fileRef = 9256FF741EA95A8400BD6882 /* DKCoreDataManager.m */; };
/* End PBXBuildFile section */

/* Begin PBXFileReference section */
		92128A8B1EA961D800F1548D /* DKInfoTableViewController.h */ = {isa = PBXFileReference; fileEncoding = 4; lastKnownFileType = sourcecode.c.h; path = DKInfoTableViewController.h; sourceTree = "<group>"; };
		92128A8C1EA961D800F1548D /* DKInfoTableViewController.m */ = {isa = PBXFileReference; fileEncoding = 4; lastKnownFileType = sourcecode.c.objc; path = DKInfoTableViewController.m; sourceTree = "<group>"; };
		92128A8E1EA9625D00F1548D /* DKInfoTableViewCell.h */ = {isa = PBXFileReference; fileEncoding = 4; lastKnownFileType = sourcecode.c.h; path = DKInfoTableViewCell.h; sourceTree = "<group>"; };
		92128A8F1EA9625D00F1548D /* DKInfoTableViewCell.m */ = {isa = PBXFileReference; fileEncoding = 4; lastKnownFileType = sourcecode.c.objc; path = DKInfoTableViewCell.m; sourceTree = "<group>"; };
		9256FF3A1EA9352100BD6882 /* WeatherApp.app */ = {isa = PBXFileReference; explicitFileType = wrapper.application; includeInIndex = 0; path = WeatherApp.app; sourceTree = BUILT_PRODUCTS_DIR; };
		9256FF3E1EA9352200BD6882 /* main.m */ = {isa = PBXFileReference; lastKnownFileType = sourcecode.c.objc; path = main.m; sourceTree = "<group>"; };
		9256FF401EA9352200BD6882 /* AppDelegate.h */ = {isa = PBXFileReference; lastKnownFileType = sourcecode.c.h; path = AppDelegate.h; sourceTree = "<group>"; };
		9256FF411EA9352200BD6882 /* AppDelegate.m */ = {isa = PBXFileReference; lastKnownFileType = sourcecode.c.objc; path = AppDelegate.m; sourceTree = "<group>"; };
		9256FF471EA9352200BD6882 /* Base */ = {isa = PBXFileReference; lastKnownFileType = file.storyboard; name = Base; path = Base.lproj/Main.storyboard; sourceTree = "<group>"; };
		9256FF4A1EA9352200BD6882 /* WeatherApp.xcdatamodel */ = {isa = PBXFileReference; lastKnownFileType = wrapper.xcdatamodel; path = WeatherApp.xcdatamodel; sourceTree = "<group>"; };
		9256FF4C1EA9352200BD6882 /* Assets.xcassets */ = {isa = PBXFileReference; lastKnownFileType = folder.assetcatalog; path = Assets.xcassets; sourceTree = "<group>"; };
		9256FF4F1EA9352200BD6882 /* Base */ = {isa = PBXFileReference; lastKnownFileType = file.storyboard; name = Base; path = Base.lproj/LaunchScreen.storyboard; sourceTree = "<group>"; };
		9256FF511EA9352200BD6882 /* Info.plist */ = {isa = PBXFileReference; lastKnownFileType = text.plist.xml; path = Info.plist; sourceTree = "<group>"; };
		9256FF571EA9364A00BD6882 /* DKMainViewController.h */ = {isa = PBXFileReference; fileEncoding = 4; lastKnownFileType = sourcecode.c.h; path = DKMainViewController.h; sourceTree = "<group>"; };
		9256FF581EA9364A00BD6882 /* DKMainViewController.m */ = {isa = PBXFileReference; fileEncoding = 4; lastKnownFileType = sourcecode.c.objc; path = DKMainViewController.m; sourceTree = "<group>"; };
		9256FF5A1EA9371100BD6882 /* DKLocationManager.h */ = {isa = PBXFileReference; fileEncoding = 4; lastKnownFileType = sourcecode.c.h; path = DKLocationManager.h; sourceTree = "<group>"; };
		9256FF5B1EA9371100BD6882 /* DKLocationManager.m */ = {isa = PBXFileReference; fileEncoding = 4; lastKnownFileType = sourcecode.c.objc; path = DKLocationManager.m; sourceTree = "<group>"; };
		9256FF5E1EA937E600BD6882 /* CoreLocation.framework */ = {isa = PBXFileReference; lastKnownFileType = wrapper.framework; name = CoreLocation.framework; path = System/Library/Frameworks/CoreLocation.framework; sourceTree = SDKROOT; };
		9256FF601EA93BC200BD6882 /* DKModelData.h */ = {isa = PBXFileReference; fileEncoding = 4; lastKnownFileType = sourcecode.c.h; path = DKModelData.h; sourceTree = "<group>"; };
		9256FF611EA93BC200BD6882 /* DKModelData.m */ = {isa = PBXFileReference; fileEncoding = 4; lastKnownFileType = sourcecode.c.objc; path = DKModelData.m; sourceTree = "<group>"; };
		9256FF631EA9401300BD6882 /* DKActivityView.h */ = {isa = PBXFileReference; fileEncoding = 4; lastKnownFileType = sourcecode.c.h; path = DKActivityView.h; sourceTree = "<group>"; };
		9256FF641EA9401300BD6882 /* DKActivityView.m */ = {isa = PBXFileReference; fileEncoding = 4; lastKnownFileType = sourcecode.c.objc; path = DKActivityView.m; sourceTree = "<group>"; };
		9256FF661EA9417E00BD6882 /* DKSessionManager.h */ = {isa = PBXFileReference; fileEncoding = 4; lastKnownFileType = sourcecode.c.h; path = DKSessionManager.h; sourceTree = "<group>"; };
		9256FF671EA9417E00BD6882 /* DKSessionManager.m */ = {isa = PBXFileReference; fileEncoding = 4; lastKnownFileType = sourcecode.c.objc; path = DKSessionManager.m; sourceTree = "<group>"; };
		9256FF691EA9464900BD6882 /* DKWeatherViewController.h */ = {isa = PBXFileReference; fileEncoding = 4; lastKnownFileType = sourcecode.c.h; path = DKWeatherViewController.h; sourceTree = "<group>"; };
		9256FF6A1EA9464900BD6882 /* DKWeatherViewController.m */ = {isa = PBXFileReference; fileEncoding = 4; lastKnownFileType = sourcecode.c.objc; path = DKWeatherViewController.m; sourceTree = "<group>"; };
		9256FF6C1EA94C1A00BD6882 /* DKParentViewController.h */ = {isa = PBXFileReference; fileEncoding = 4; lastKnownFileType = sourcecode.c.h; path = DKParentViewController.h; sourceTree = "<group>"; };
		9256FF6D1EA94C1A00BD6882 /* DKParentViewController.m */ = {isa = PBXFileReference; fileEncoding = 4; lastKnownFileType = sourcecode.c.objc; path = DKParentViewController.m; sourceTree = "<group>"; };
		9256FF6F1EA95A7000BD6882 /* InfoEntity+CoreDataClass.h */ = {isa = PBXFileReference; lastKnownFileType = sourcecode.c.h; path = "InfoEntity+CoreDataClass.h"; sourceTree = "<group>"; };
		9256FF701EA95A7000BD6882 /* InfoEntity+CoreDataClass.m */ = {isa = PBXFileReference; lastKnownFileType = sourcecode.c.objc; path = "InfoEntity+CoreDataClass.m"; sourceTree = "<group>"; };
		9256FF711EA95A7000BD6882 /* InfoEntity+CoreDataProperties.h */ = {isa = PBXFileReference; lastKnownFileType = sourcecode.c.h; path = "InfoEntity+CoreDataProperties.h"; sourceTree = "<group>"; };
		9256FF721EA95A7000BD6882 /* InfoEntity+CoreDataProperties.m */ = {isa = PBXFileReference; lastKnownFileType = sourcecode.c.objc; path = "InfoEntity+CoreDataProperties.m"; sourceTree = "<group>"; };
		9256FF731EA95A8400BD6882 /* DKCoreDataManager.h */ = {isa = PBXFileReference; fileEncoding = 4; lastKnownFileType = sourcecode.c.h; path = DKCoreDataManager.h; sourceTree = "<group>"; };
		9256FF741EA95A8400BD6882 /* DKCoreDataManager.m */ = {isa = PBXFileReference; fileEncoding = 4; lastKnownFileType = sourcecode.c.objc; path = DKCoreDataManager.m; sourceTree = "<group>"; };
/* End PBXFileReference section */

/* Begin PBXFrameworksBuildPhase section */
		9256FF371EA9352100BD6882 /* Frameworks */ = {
			isa = PBXFrameworksBuildPhase;
			buildActionMask = 2147483647;
			files = (
				9256FF5F1EA937E600BD6882 /* CoreLocation.framework in Frameworks */,
			);
			runOnlyForDeploymentPostprocessing = 0;
		};
/* End PBXFrameworksBuildPhase section */

/* Begin PBXGroup section */
		921C75CE1EA975D3001822CB /* View */ = {
			isa = PBXGroup;
			children = (
				921C75D21EA97623001822CB /* Cell */,
				9256FF631EA9401300BD6882 /* DKActivityView.h */,
				9256FF641EA9401300BD6882 /* DKActivityView.m */,
			);
			name = View;
			sourceTree = "<group>";
		};
		921C75CF1EA975E1001822CB /* Model */ = {
			isa = PBXGroup;
			children = (
				921C75D11EA97608001822CB /* CoreDataModel */,
				9256FF601EA93BC200BD6882 /* DKModelData.h */,
				9256FF611EA93BC200BD6882 /* DKModelData.m */,
			);
			name = Model;
			sourceTree = "<group>";
		};
		921C75D01EA975E4001822CB /* Controller */ = {
			isa = PBXGroup;
			children = (
				9256FF6C1EA94C1A00BD6882 /* DKParentViewController.h */,
				9256FF6D1EA94C1A00BD6882 /* DKParentViewController.m */,
				9256FF571EA9364A00BD6882 /* DKMainViewController.h */,
				9256FF581EA9364A00BD6882 /* DKMainViewController.m */,
				9256FF691EA9464900BD6882 /* DKWeatherViewController.h */,
				9256FF6A1EA9464900BD6882 /* DKWeatherViewController.m */,
				92128A8B1EA961D800F1548D /* DKInfoTableViewController.h */,
				92128A8C1EA961D800F1548D /* DKInfoTableViewController.m */,
			);
			name = Controller;
			sourceTree = "<group>";
		};
		921C75D11EA97608001822CB /* CoreDataModel */ = {
			isa = PBXGroup;
			children = (
				9256FF6F1EA95A7000BD6882 /* InfoEntity+CoreDataClass.h */,
				9256FF701EA95A7000BD6882 /* InfoEntity+CoreDataClass.m */,
				9256FF711EA95A7000BD6882 /* InfoEntity+CoreDataProperties.h */,
				9256FF721EA95A7000BD6882 /* InfoEntity+CoreDataProperties.m */,
			);
			name = CoreDataModel;
			sourceTree = "<group>";
		};
		921C75D21EA97623001822CB /* Cell */ = {
			isa = PBXGroup;
			children = (
				92128A8E1EA9625D00F1548D /* DKInfoTableViewCell.h */,
				92128A8F1EA9625D00F1548D /* DKInfoTableViewCell.m */,
			);
			name = Cell;
			sourceTree = "<group>";
		};
		921C75D31EA97631001822CB /* Managers */ = {
			isa = PBXGroup;
			children = (
				9256FF661EA9417E00BD6882 /* DKSessionManager.h */,
				9256FF671EA9417E00BD6882 /* DKSessionManager.m */,
				9256FF5A1EA9371100BD6882 /* DKLocationManager.h */,
				9256FF5B1EA9371100BD6882 /* DKLocationManager.m */,
				9256FF731EA95A8400BD6882 /* DKCoreDataManager.h */,
				9256FF741EA95A8400BD6882 /* DKCoreDataManager.m */,
			);
			name = Managers;
			sourceTree = "<group>";
		};
		9256FF311EA9352100BD6882 = {
			isa = PBXGroup;
			children = (
				9256FF3C1EA9352100BD6882 /* WeatherApp */,
				9256FF3B1EA9352100BD6882 /* Products */,
				9256FF5D1EA937E600BD6882 /* Frameworks */,
			);
			sourceTree = "<group>";
		};
		9256FF3B1EA9352100BD6882 /* Products */ = {
			isa = PBXGroup;
			children = (
				9256FF3A1EA9352100BD6882 /* WeatherApp.app */,
			);
			name = Products;
			sourceTree = "<group>";
		};
		9256FF3C1EA9352100BD6882 /* WeatherApp */ = {
			isa = PBXGroup;
			children = (
				921C75D31EA97631001822CB /* Managers */,
				921C75D01EA975E4001822CB /* Controller */,
				921C75CF1EA975E1001822CB /* Model */,
				921C75CE1EA975D3001822CB /* View */,
				9256FF401EA9352200BD6882 /* AppDelegate.h */,
				9256FF411EA9352200BD6882 /* AppDelegate.m */,
				9256FF461EA9352200BD6882 /* Main.storyboard */,
				9256FF4C1EA9352200BD6882 /* Assets.xcassets */,
				9256FF4E1EA9352200BD6882 /* LaunchScreen.storyboard */,
				9256FF511EA9352200BD6882 /* Info.plist */,
				9256FF491EA9352200BD6882 /* WeatherApp.xcdatamodeld */,
				9256FF3D1EA9352100BD6882 /* Supporting Files */,
			);
			path = WeatherApp;
			sourceTree = "<group>";
		};
		9256FF3D1EA9352100BD6882 /* Supporting Files */ = {
			isa = PBXGroup;
			children = (
				9256FF3E1EA9352200BD6882 /* main.m */,
			);
			name = "Supporting Files";
			sourceTree = "<group>";
		};
		9256FF5D1EA937E600BD6882 /* Frameworks */ = {
			isa = PBXGroup;
			children = (
				9256FF5E1EA937E600BD6882 /* CoreLocation.framework */,
			);
			name = Frameworks;
			sourceTree = "<group>";
		};
/* End PBXGroup section */

/* Begin PBXNativeTarget section */
		9256FF391EA9352100BD6882 /* WeatherApp */ = {
			isa = PBXNativeTarget;
			buildConfigurationList = 9256FF541EA9352200BD6882 /* Build configuration list for PBXNativeTarget "WeatherApp" */;
			buildPhases = (
				9256FF361EA9352100BD6882 /* Sources */,
				9256FF371EA9352100BD6882 /* Frameworks */,
				9256FF381EA9352100BD6882 /* Resources */,
			);
			buildRules = (
			);
			dependencies = (
			);
			name = WeatherApp;
			productName = WeatherApp;
			productReference = 9256FF3A1EA9352100BD6882 /* WeatherApp.app */;
			productType = "com.apple.product-type.application";
		};
/* End PBXNativeTarget section */

/* Begin PBXProject section */
		9256FF321EA9352100BD6882 /* Project object */ = {
			isa = PBXProject;
			attributes = {
				LastUpgradeCheck = 0830;
				ORGANIZATIONNAME = Denis;
				TargetAttributes = {
					9256FF391EA9352100BD6882 = {
						CreatedOnToolsVersion = 8.3.1;
						ProvisioningStyle = Manual;
					};
				};
			};
			buildConfigurationList = 9256FF351EA9352100BD6882 /* Build configuration list for PBXProject "WeatherApp" */;
			compatibilityVersion = "Xcode 3.2";
			developmentRegion = English;
			hasScannedForEncodings = 0;
			knownRegions = (
				en,
				Base,
			);
			mainGroup = 9256FF311EA9352100BD6882;
			productRefGroup = 9256FF3B1EA9352100BD6882 /* Products */;
			projectDirPath = "";
			projectRoot = "";
			targets = (
				9256FF391EA9352100BD6882 /* WeatherApp */,
			);
		};
/* End PBXProject section */

/* Begin PBXResourcesBuildPhase section */
		9256FF381EA9352100BD6882 /* Resources */ = {
			isa = PBXResourcesBuildPhase;
			buildActionMask = 2147483647;
			files = (
				9256FF501EA9352200BD6882 /* LaunchScreen.storyboard in Resources */,
				9256FF4D1EA9352200BD6882 /* Assets.xcassets in Resources */,
				9256FF481EA9352200BD6882 /* Main.storyboard in Resources */,
			);
			runOnlyForDeploymentPostprocessing = 0;
		};
/* End PBXResourcesBuildPhase section */

/* Begin PBXSourcesBuildPhase section */
		9256FF361EA9352100BD6882 /* Sources */ = {
			isa = PBXSourcesBuildPhase;
			buildActionMask = 2147483647;
			files = (
				9256FF591EA9364A00BD6882 /* DKMainViewController.m in Sources */,
				92128A8D1EA961D800F1548D /* DKInfoTableViewController.m in Sources */,
				9256FF6E1EA94C1A00BD6882 /* DKParentViewController.m in Sources */,
				9256FF4B1EA9352200BD6882 /* WeatherApp.xcdatamodeld in Sources */,
				9256FF651EA9401300BD6882 /* DKActivityView.m in Sources */,
				9256FF421EA9352200BD6882 /* AppDelegate.m in Sources */,
				9256FF3F1EA9352200BD6882 /* main.m in Sources */,
				9256FF751EA95A8400BD6882 /* DKCoreDataManager.m in Sources */,
				9256FF621EA93BC200BD6882 /* DKModelData.m in Sources */,
				9256FF5C1EA9371100BD6882 /* DKLocationManager.m in Sources */,
				9256FF6B1EA9464900BD6882 /* DKWeatherViewController.m in Sources */,
				92128A901EA9625D00F1548D /* DKInfoTableViewCell.m in Sources */,
				9256FF681EA9417E00BD6882 /* DKSessionManager.m in Sources */,
			);
			runOnlyForDeploymentPostprocessing = 0;
		};
/* End PBXSourcesBuildPhase section */

/* Begin PBXVariantGroup section */
		9256FF461EA9352200BD6882 /* Main.storyboard */ = {
			isa = PBXVariantGroup;
			children = (
				9256FF471EA9352200BD6882 /* Base */,
			);
			name = Main.storyboard;
			sourceTree = "<group>";
		};
		9256FF4E1EA9352200BD6882 /* LaunchScreen.storyboard */ = {
			isa = PBXVariantGroup;
			children = (
				9256FF4F1EA9352200BD6882 /* Base */,
			);
			name = LaunchScreen.storyboard;
			sourceTree = "<group>";
		};
/* End PBXVariantGroup section */

/* Begin XCBuildConfiguration section */
		9256FF521EA9352200BD6882 /* Debug */ = {
			isa = XCBuildConfiguration;
			buildSettings = {
				ALWAYS_SEARCH_USER_PATHS = NO;
				CLANG_ANALYZER_NONNULL = YES;
				CLANG_ANALYZER_NUMBER_OBJECT_CONVERSION = YES_AGGRESSIVE;
				CLANG_CXX_LANGUAGE_STANDARD = "gnu++0x";
				CLANG_CXX_LIBRARY = "libc++";
				CLANG_ENABLE_MODULES = YES;
				CLANG_ENABLE_OBJC_ARC = YES;
				CLANG_WARN_BOOL_CONVERSION = YES;
				CLANG_WARN_CONSTANT_CONVERSION = YES;
				CLANG_WARN_DIRECT_OBJC_ISA_USAGE = YES_ERROR;
				CLANG_WARN_DOCUMENTATION_COMMENTS = YES;
				CLANG_WARN_EMPTY_BODY = YES;
				CLANG_WARN_ENUM_CONVERSION = YES;
				CLANG_WARN_INFINITE_RECURSION = YES;
				CLANG_WARN_INT_CONVERSION = YES;
				CLANG_WARN_OBJC_ROOT_CLASS = YES_ERROR;
				CLANG_WARN_SUSPICIOUS_MOVE = YES;
				CLANG_WARN_UNREACHABLE_CODE = YES;
				CLANG_WARN__DUPLICATE_METHOD_MATCH = YES;
				"CODE_SIGN_IDENTITY[sdk=iphoneos*]" = "iPhone Developer";
				COPY_PHASE_STRIP = NO;
				DEBUG_INFORMATION_FORMAT = dwarf;
				ENABLE_STRICT_OBJC_MSGSEND = YES;
				ENABLE_TESTABILITY = YES;
				GCC_C_LANGUAGE_STANDARD = gnu99;
				GCC_DYNAMIC_NO_PIC = NO;
				GCC_NO_COMMON_BLOCKS = YES;
				GCC_OPTIMIZATION_LEVEL = 0;
				GCC_PREPROCESSOR_DEFINITIONS = (
					"DEBUG=1",
					"$(inherited)",
				);
				GCC_WARN_64_TO_32_BIT_CONVERSION = YES;
				GCC_WARN_ABOUT_RETURN_TYPE = YES_ERROR;
				GCC_WARN_UNDECLARED_SELECTOR = YES;
				GCC_WARN_UNINITIALIZED_AUTOS = YES_AGGRESSIVE;
				GCC_WARN_UNUSED_FUNCTION = YES;
				GCC_WARN_UNUSED_VARIABLE = YES;
				IPHONEOS_DEPLOYMENT_TARGET = 10.3;
				MTL_ENABLE_DEBUG_INFO = YES;
				ONLY_ACTIVE_ARCH = YES;
				SDKROOT = iphoneos;
				TARGETED_DEVICE_FAMILY = "1,2";
			};
			name = Debug;
		};
		9256FF531EA9352200BD6882 /* Release */ = {
			isa = XCBuildConfiguration;
			buildSettings = {
				ALWAYS_SEARCH_USER_PATHS = NO;
				CLANG_ANALYZER_NONNULL = YES;
				CLANG_ANALYZER_NUMBER_OBJECT_CONVERSION = YES_AGGRESSIVE;
				CLANG_CXX_LANGUAGE_STANDARD = "gnu++0x";
				CLANG_CXX_LIBRARY = "libc++";
				CLANG_ENABLE_MODULES = YES;
				CLANG_ENABLE_OBJC_ARC = YES;
				CLANG_WARN_BOOL_CONVERSION = YES;
				CLANG_WARN_CONSTANT_CONVERSION = YES;
				CLANG_WARN_DIRECT_OBJC_ISA_USAGE = YES_ERROR;
				CLANG_WARN_DOCUMENTATION_COMMENTS = YES;
				CLANG_WARN_EMPTY_BODY = YES;
				CLANG_WARN_ENUM_CONVERSION = YES;
				CLANG_WARN_INFINITE_RECURSION = YES;
				CLANG_WARN_INT_CONVERSION = YES;
				CLANG_WARN_OBJC_ROOT_CLASS = YES_ERROR;
				CLANG_WARN_SUSPICIOUS_MOVE = YES;
				CLANG_WARN_UNREACHABLE_CODE = YES;
				CLANG_WARN__DUPLICATE_METHOD_MATCH = YES;
				"CODE_SIGN_IDENTITY[sdk=iphoneos*]" = "iPhone Developer";
				COPY_PHASE_STRIP = NO;
				DEBUG_INFORMATION_FORMAT = "dwarf-with-dsym";
				ENABLE_NS_ASSERTIONS = NO;
				ENABLE_STRICT_OBJC_MSGSEND = YES;
				GCC_C_LANGUAGE_STANDARD = gnu99;
				GCC_NO_COMMON_BLOCKS = YES;
				GCC_WARN_64_TO_32_BIT_CONVERSION = YES;
				GCC_WARN_ABOUT_RETURN_TYPE = YES_ERROR;
				GCC_WARN_UNDECLARED_SELECTOR = YES;
				GCC_WARN_UNINITIALIZED_AUTOS = YES_AGGRESSIVE;
				GCC_WARN_UNUSED_FUNCTION = YES;
				GCC_WARN_UNUSED_VARIABLE = YES;
				IPHONEOS_DEPLOYMENT_TARGET = 10.3;
				MTL_ENABLE_DEBUG_INFO = NO;
				SDKROOT = iphoneos;
				TARGETED_DEVICE_FAMILY = "1,2";
				VALIDATE_PRODUCT = YES;
			};
			name = Release;
		};
		9256FF551EA9352200BD6882 /* Debug */ = {
			isa = XCBuildConfiguration;
			buildSettings = {
				ASSETCATALOG_COMPILER_APPICON_NAME = AppIcon;
				DEVELOPMENT_TEAM = "";
				INFOPLIST_FILE = WeatherApp/Info.plist;
				IPHONEOS_DEPLOYMENT_TARGET = 9.3;
				LD_RUNPATH_SEARCH_PATHS = "$(inherited) @executable_path/Frameworks";
				PRODUCT_BUNDLE_IDENTIFIER = test.com.WeatherApp;
				PRODUCT_NAME = "$(TARGET_NAME)";
				PROVISIONING_PROFILE_SPECIFIER = "";
			};
			name = Debug;
		};
		9256FF561EA9352200BD6882 /* Release */ = {
			isa = XCBuildConfiguration;
			buildSettings = {
				ASSETCATALOG_COMPILER_APPICON_NAME = AppIcon;
				DEVELOPMENT_TEAM = "";
				INFOPLIST_FILE = WeatherApp/Info.plist;
				IPHONEOS_DEPLOYMENT_TARGET = 9.3;
				LD_RUNPATH_SEARCH_PATHS = "$(inherited) @executable_path/Frameworks";
				PRODUCT_BUNDLE_IDENTIFIER = test.com.WeatherApp;
				PRODUCT_NAME = "$(TARGET_NAME)";
				PROVISIONING_PROFILE_SPECIFIER = "";
			};
			name = Release;
		};
/* End XCBuildConfiguration section */

/* Begin XCConfigurationList section */
		9256FF351EA9352100BD6882 /* Build configuration list for PBXProject "WeatherApp" */ = {
			isa = XCConfigurationList;
			buildConfigurations = (
				9256FF521EA9352200BD6882 /* Debug */,
				9256FF531EA9352200BD6882 /* Release */,
			);
			defaultConfigurationIsVisible = 0;
			defaultConfigurationName = Release;
		};
		9256FF541EA9352200BD6882 /* Build configuration list for PBXNativeTarget "WeatherApp" */ = {
			isa = XCConfigurationList;
			buildConfigurations = (
				9256FF551EA9352200BD6882 /* Debug */,
				9256FF561EA9352200BD6882 /* Release */,
			);
			defaultConfigurationIsVisible = 0;
			defaultConfigurationName = Release;
		};
/* End XCConfigurationList section */

/* Begin XCVersionGroup section */
		9256FF491EA9352200BD6882 /* WeatherApp.xcdatamodeld */ = {
			isa = XCVersionGroup;
			children = (
				9256FF4A1EA9352200BD6882 /* WeatherApp.xcdatamodel */,
			);
			currentVersion = 9256FF4A1EA9352200BD6882 /* WeatherApp.xcdatamodel */;
			path = WeatherApp.xcdatamodeld;
			sourceTree = "<group>";
			versionGroupType = wrapper.xcdatamodel;
		};
/* End XCVersionGroup section */
	};
	rootObject = 9256FF321EA9352100BD6882 /* Project object */;
}
